
Microsoft Visual Studio Solution File, Format Version 12.00
# Visual Studio Version 17
VisualStudioVersion = 17.3.32929.385
MinimumVisualStudioVersion = 10.0.40219.1
Project("{FAE04EC0-301F-11D3-BF4B-00C04F79EFBC}") = "SumasDe1aN", "SumasDe1aN\SumasDe1aN.csproj", "{A116A4B5-EF65-452E-846B-21F57ED6FDA6}"
EndProject
Global
	GlobalSection(SolutionConfigurationPlatforms) = preSolution
		Debug|Any CPU = Debug|Any CPU
		Release|Any CPU = Release|Any CPU
	EndGlobalSection
	GlobalSection(ProjectConfigurationPlatforms) = postSolution
		{A116A4B5-EF65-452E-846B-21F57ED6FDA6}.Debug|Any CPU.ActiveCfg = Debug|Any CPU
		{A116A4B5-EF65-452E-846B-21F57ED6FDA6}.Debug|Any CPU.Build.0 = Debug|Any CPU
		{A116A4B5-EF65-452E-846B-21F57ED6FDA6}.Release|Any CPU.ActiveCfg = Release|Any CPU
		{A116A4B5-EF65-452E-846B-21F57ED6FDA6}.Release|Any CPU.Build.0 = Release|Any CPU
	EndGlobalSection
	GlobalSection(SolutionProperties) = preSolution
		HideSolutionNode = FALSE
	EndGlobalSection
	GlobalSection(ExtensibilityGlobals) = postSolution
		SolutionGuid = {0F879B38-1C66-482A-8FBB-01069A900B96}
	EndGlobalSection
EndGlobal
